
Microsoft Visual Studio Solution File, Format Version 12.00
# Visual Studio Version 17
VisualStudioVersion = 17.5.002.0
MinimumVisualStudioVersion = 10.0.40219.1
Project("{FAE04EC0-301F-11D3-BF4B-00C04F79EFBC}") = "Project A", "Project A\Project A.csproj", "{D9FC9B99-77BC-450B-BD1C-F43A421261F9}"
EndProject
Project("{FAE04EC0-301F-11D3-BF4B-00C04F79EFBC}") = "Project B", "Project B\Project B.csproj", "{6F792FB3-BD11-43DA-9C48-1771D847A66A}"
EndProject
Global
	GlobalSection(SolutionConfigurationPlatforms) = preSolution
		Debug|Any CPU = Debug|Any CPU
		Release|Any CPU = Release|Any CPU
	EndGlobalSection
	GlobalSection(ProjectConfigurationPlatforms) = postSolution
		{6ACDAC0B-A52B-461A-88EF-E131101E994B}.Debug|Any CPU.ActiveCfg = Debug|Any CPU
		{6ACDAC0B-A52B-461A-88EF-E131101E994B}.Debug|Any CPU.Build.0 = Debug|Any CPU
		{6ACDAC0B-A52B-461A-88EF-E131101E994B}.Release|Any CPU.ActiveCfg = Release|Any CPU
		{6ACDAC0B-A52B-461A-88EF-E131101E994B}.Release|Any CPU.Build.0 = Release|Any CPU
		{3D8E3DB1-D3DE-407B-90C8-84526BF52112}.Debug|Any CPU.ActiveCfg = Debug|Any CPU
		{3D8E3DB1-D3DE-407B-90C8-84526BF52112}.Debug|Any CPU.Build.0 = Debug|Any CPU
		{3D8E3DB1-D3DE-407B-90C8-84526BF52112}.Release|Any CPU.ActiveCfg = Release|Any CPU
		{3D8E3DB1-D3DE-407B-90C8-84526BF52112}.Release|Any CPU.Build.0 = Release|Any CPU
		{D9FC9B99-77BC-450B-BD1C-F43A421261F9}.Debug|Any CPU.ActiveCfg = Debug|Any CPU
		{D9FC9B99-77BC-450B-BD1C-F43A421261F9}.Debug|Any CPU.Build.0 = Debug|Any CPU
		{D9FC9B99-77BC-450B-BD1C-F43A421261F9}.Release|Any CPU.ActiveCfg = Release|Any CPU
		{D9FC9B99-77BC-450B-BD1C-F43A421261F9}.Release|Any CPU.Build.0 = Release|Any CPU
		{6F792FB3-BD11-43DA-9C48-1771D847A66A}.Debug|Any CPU.ActiveCfg = Debug|Any CPU
		{6F792FB3-BD11-43DA-9C48-1771D847A66A}.Debug|Any CPU.Build.0 = Debug|Any CPU
		{6F792FB3-BD11-43DA-9C48-1771D847A66A}.Release|Any CPU.ActiveCfg = Release|Any CPU
		{6F792FB3-BD11-43DA-9C48-1771D847A66A}.Release|Any CPU.Build.0 = Release|Any CPU
	EndGlobalSection
	GlobalSection(SolutionProperties) = preSolution
		HideSolutionNode = FALSE
	EndGlobalSection
	GlobalSection(ExtensibilityGlobals) = postSolution
		SolutionGuid = {AF4ADC80-111C-42B8-95C2-5D4E9F491D93}
	EndGlobalSection
EndGlobal
