
Microsoft Visual Studio Solution File, Format Version 12.00
# Visual Studio Version 17
VisualStudioVersion = 17.5.002.0
MinimumVisualStudioVersion = 10.0.40219.1
Project("{FAE04EC0-301F-11D3-BF4B-00C04F79EFBC}") = "Project A", "Project A\Project A.csproj", "{D9FC9B99-77BC-450B-BD1C-F43A421261F9}"
EndProject
Project("{FAE04EC0-301F-11D3-BF4B-00C04F79EFBC}") = "Project B", "Project B\Project B.csproj", "{6F792FB3-BD11-43DA-9C48-1771D847A66A}"
EndProject
Project("{FAE04EC0-301F-11D3-BF4B-00C04F79EFBC}") = "Project Constructor", "Project Constructor\Project Constructor.csproj", "{57516187-C4A6-4C77-A255-49EBCF54EF6A}"
EndProject
Project("{2150E333-8FDC-42A3-9474-1A3956D46DE8}") = "Day 01", "Day 01", "{6EB9DDB4-51DC-4E46-A2A2-3B87DA5D533F}"
EndProject
Project("{2150E333-8FDC-42A3-9474-1A3956D46DE8}") = "Day 02", "Day 02", "{DBF68FA3-7CAD-4472-BDBB-D584043836B6}"
EndProject
Project("{FAE04EC0-301F-11D3-BF4B-00C04F79EFBC}") = "Project Person", "Project Person\Project Person.csproj", "{51BABBFC-4A36-419E-A3D8-35C5F7B6BA08}"
EndProject
Project("{FAE04EC0-301F-11D3-BF4B-00C04F79EFBC}") = "Project Animal", "Project Animal\Project Animal.csproj", "{D547B738-0753-4935-92C7-F5BC94ECF4B1}"
EndProject
Project("{FAE04EC0-301F-11D3-BF4B-00C04F79EFBC}") = "Project Calculator", "Project Calculator\Project Calculator.csproj", "{32826C08-E3A7-47D6-9203-0527B4AF2D6C}"
EndProject
Project("{FAE04EC0-301F-11D3-BF4B-00C04F79EFBC}") = "Project F", "Project F\Project F.csproj", "{23171534-D2D2-46FF-ACD7-255C4400F9C0}"
EndProject
Project("{FAE04EC0-301F-11D3-BF4B-00C04F79EFBC}") = "Project Overriding", "Project Overriding\Project Overriding.csproj", "{25847BFF-2CF6-407E-916B-BD9DEA78EB42}"
EndProject
Project("{FAE04EC0-301F-11D3-BF4B-00C04F79EFBC}") = "extensions", "extensions\extensions.csproj", "{D5FD57EA-E785-47C4-8282-9AED8D070D52}"
EndProject
Project("{FAE04EC0-301F-11D3-BF4B-00C04F79EFBC}") = "Project Abstraction", "Project Abstraction\Project Abstraction.csproj", "{FA47247D-7D39-48A4-B841-B40EA6A2F5F9}"
EndProject
Project("{2150E333-8FDC-42A3-9474-1A3956D46DE8}") = "Day 03", "Day 03", "{D8C0F1ED-DF99-411E-ADC2-E546709AF00E}"
EndProject
Project("{2150E333-8FDC-42A3-9474-1A3956D46DE8}") = "Day 04", "Day 04", "{021C9194-6798-4452-A22A-495E239FF046}"
EndProject
Project("{FAE04EC0-301F-11D3-BF4B-00C04F79EFBC}") = "Project Property_Get_Set", "Project Property_Get_Set\Project Property_Get_Set.csproj", "{ACB73BE9-EE5E-4B43-8913-ECF3D9D0B8AF}"
EndProject
Project("{FAE04EC0-301F-11D3-BF4B-00C04F79EFBC}") = "Project Interface", "Project Interface\Project Interface.csproj", "{06E15418-31AB-4912-BEEE-794FF7552666}"
EndProject
Project("{FAE04EC0-301F-11D3-BF4B-00C04F79EFBC}") = "Project Multiple Inheritance", "Project Multiple Inheritance\Project Multiple Inheritance.csproj", "{751EA3E4-BDE8-4D90-A9A5-0EE549069638}"
EndProject
Project("{FAE04EC0-301F-11D3-BF4B-00C04F79EFBC}") = "Project GameandPlayerInetface", "Project GameandPlayerInetface\Project GameandPlayerInetface.csproj", "{1A119142-A08A-48BF-8FD2-09EECFD06E89}"
EndProject
Project("{FAE04EC0-301F-11D3-BF4B-00C04F79EFBC}") = "Project EnumTutorial", "Project EnumTutorial\Project EnumTutorial.csproj", "{1F3EAE2B-840A-4B7D-A618-3BDB8F1EAC49}"
EndProject
Project("{FAE04EC0-301F-11D3-BF4B-00C04F79EFBC}") = "Project Generic", "Project Generic\Project Generic.csproj", "{EF8A7C5B-262E-4D4F-A143-1D418E849468}"
EndProject
Project("{FAE04EC0-301F-11D3-BF4B-00C04F79EFBC}") = "Project Incrementer", "Project Incrementer\Project Incrementer.csproj", "{8CC92C62-E415-452C-8A07-05E2DD4F7681}"
EndProject
Project("{FAE04EC0-301F-11D3-BF4B-00C04F79EFBC}") = "Project Try Catch", "Project Try Catch\Project Try Catch.csproj", "{35326DB3-6B7A-4DAA-8354-18E41B75B382}"
EndProject
Project("{FAE04EC0-301F-11D3-BF4B-00C04F79EFBC}") = "Project Delegate", "Project Delegate\Project Delegate.csproj", "{48568BDE-EB92-44E3-AECC-C0FF12F5012C}"
EndProject
Project("{FAE04EC0-301F-11D3-BF4B-00C04F79EFBC}") = "Project Delegate Invocation Return Value", "Project Delegate Invocation Return Value\Project Delegate Invocation Return Value.csproj", "{B2CFD74E-EF6A-4A21-AF3C-AA186F23A70B}"
EndProject
Global
	GlobalSection(SolutionConfigurationPlatforms) = preSolution
		Debug|Any CPU = Debug|Any CPU
		Release|Any CPU = Release|Any CPU
	EndGlobalSection
	GlobalSection(ProjectConfigurationPlatforms) = postSolution
		{6ACDAC0B-A52B-461A-88EF-E131101E994B}.Debug|Any CPU.ActiveCfg = Debug|Any CPU
		{6ACDAC0B-A52B-461A-88EF-E131101E994B}.Debug|Any CPU.Build.0 = Debug|Any CPU
		{6ACDAC0B-A52B-461A-88EF-E131101E994B}.Release|Any CPU.ActiveCfg = Release|Any CPU
		{6ACDAC0B-A52B-461A-88EF-E131101E994B}.Release|Any CPU.Build.0 = Release|Any CPU
		{3D8E3DB1-D3DE-407B-90C8-84526BF52112}.Debug|Any CPU.ActiveCfg = Debug|Any CPU
		{3D8E3DB1-D3DE-407B-90C8-84526BF52112}.Debug|Any CPU.Build.0 = Debug|Any CPU
		{3D8E3DB1-D3DE-407B-90C8-84526BF52112}.Release|Any CPU.ActiveCfg = Release|Any CPU
		{3D8E3DB1-D3DE-407B-90C8-84526BF52112}.Release|Any CPU.Build.0 = Release|Any CPU
		{D9FC9B99-77BC-450B-BD1C-F43A421261F9}.Debug|Any CPU.ActiveCfg = Debug|Any CPU
		{D9FC9B99-77BC-450B-BD1C-F43A421261F9}.Debug|Any CPU.Build.0 = Debug|Any CPU
		{D9FC9B99-77BC-450B-BD1C-F43A421261F9}.Release|Any CPU.ActiveCfg = Release|Any CPU
		{D9FC9B99-77BC-450B-BD1C-F43A421261F9}.Release|Any CPU.Build.0 = Release|Any CPU
		{6F792FB3-BD11-43DA-9C48-1771D847A66A}.Debug|Any CPU.ActiveCfg = Debug|Any CPU
		{6F792FB3-BD11-43DA-9C48-1771D847A66A}.Debug|Any CPU.Build.0 = Debug|Any CPU
		{6F792FB3-BD11-43DA-9C48-1771D847A66A}.Release|Any CPU.ActiveCfg = Release|Any CPU
		{6F792FB3-BD11-43DA-9C48-1771D847A66A}.Release|Any CPU.Build.0 = Release|Any CPU
		{57516187-C4A6-4C77-A255-49EBCF54EF6A}.Debug|Any CPU.ActiveCfg = Debug|Any CPU
		{57516187-C4A6-4C77-A255-49EBCF54EF6A}.Debug|Any CPU.Build.0 = Debug|Any CPU
		{57516187-C4A6-4C77-A255-49EBCF54EF6A}.Release|Any CPU.ActiveCfg = Release|Any CPU
		{57516187-C4A6-4C77-A255-49EBCF54EF6A}.Release|Any CPU.Build.0 = Release|Any CPU
		{51BABBFC-4A36-419E-A3D8-35C5F7B6BA08}.Debug|Any CPU.ActiveCfg = Debug|Any CPU
		{51BABBFC-4A36-419E-A3D8-35C5F7B6BA08}.Debug|Any CPU.Build.0 = Debug|Any CPU
		{51BABBFC-4A36-419E-A3D8-35C5F7B6BA08}.Release|Any CPU.ActiveCfg = Release|Any CPU
		{51BABBFC-4A36-419E-A3D8-35C5F7B6BA08}.Release|Any CPU.Build.0 = Release|Any CPU
		{D547B738-0753-4935-92C7-F5BC94ECF4B1}.Debug|Any CPU.ActiveCfg = Debug|Any CPU
		{D547B738-0753-4935-92C7-F5BC94ECF4B1}.Debug|Any CPU.Build.0 = Debug|Any CPU
		{D547B738-0753-4935-92C7-F5BC94ECF4B1}.Release|Any CPU.ActiveCfg = Release|Any CPU
		{D547B738-0753-4935-92C7-F5BC94ECF4B1}.Release|Any CPU.Build.0 = Release|Any CPU
		{32826C08-E3A7-47D6-9203-0527B4AF2D6C}.Debug|Any CPU.ActiveCfg = Debug|Any CPU
		{32826C08-E3A7-47D6-9203-0527B4AF2D6C}.Debug|Any CPU.Build.0 = Debug|Any CPU
		{32826C08-E3A7-47D6-9203-0527B4AF2D6C}.Release|Any CPU.ActiveCfg = Release|Any CPU
		{32826C08-E3A7-47D6-9203-0527B4AF2D6C}.Release|Any CPU.Build.0 = Release|Any CPU
		{23171534-D2D2-46FF-ACD7-255C4400F9C0}.Debug|Any CPU.ActiveCfg = Debug|Any CPU
		{23171534-D2D2-46FF-ACD7-255C4400F9C0}.Debug|Any CPU.Build.0 = Debug|Any CPU
		{23171534-D2D2-46FF-ACD7-255C4400F9C0}.Release|Any CPU.ActiveCfg = Release|Any CPU
		{23171534-D2D2-46FF-ACD7-255C4400F9C0}.Release|Any CPU.Build.0 = Release|Any CPU
		{25847BFF-2CF6-407E-916B-BD9DEA78EB42}.Debug|Any CPU.ActiveCfg = Debug|Any CPU
		{25847BFF-2CF6-407E-916B-BD9DEA78EB42}.Debug|Any CPU.Build.0 = Debug|Any CPU
		{25847BFF-2CF6-407E-916B-BD9DEA78EB42}.Release|Any CPU.ActiveCfg = Release|Any CPU
		{25847BFF-2CF6-407E-916B-BD9DEA78EB42}.Release|Any CPU.Build.0 = Release|Any CPU
		{D5FD57EA-E785-47C4-8282-9AED8D070D52}.Debug|Any CPU.ActiveCfg = Debug|Any CPU
		{D5FD57EA-E785-47C4-8282-9AED8D070D52}.Debug|Any CPU.Build.0 = Debug|Any CPU
		{D5FD57EA-E785-47C4-8282-9AED8D070D52}.Release|Any CPU.ActiveCfg = Release|Any CPU
		{D5FD57EA-E785-47C4-8282-9AED8D070D52}.Release|Any CPU.Build.0 = Release|Any CPU
		{FA47247D-7D39-48A4-B841-B40EA6A2F5F9}.Debug|Any CPU.ActiveCfg = Debug|Any CPU
		{FA47247D-7D39-48A4-B841-B40EA6A2F5F9}.Debug|Any CPU.Build.0 = Debug|Any CPU
		{FA47247D-7D39-48A4-B841-B40EA6A2F5F9}.Release|Any CPU.ActiveCfg = Release|Any CPU
		{FA47247D-7D39-48A4-B841-B40EA6A2F5F9}.Release|Any CPU.Build.0 = Release|Any CPU
		{ACB73BE9-EE5E-4B43-8913-ECF3D9D0B8AF}.Debug|Any CPU.ActiveCfg = Debug|Any CPU
		{ACB73BE9-EE5E-4B43-8913-ECF3D9D0B8AF}.Debug|Any CPU.Build.0 = Debug|Any CPU
		{ACB73BE9-EE5E-4B43-8913-ECF3D9D0B8AF}.Release|Any CPU.ActiveCfg = Release|Any CPU
		{ACB73BE9-EE5E-4B43-8913-ECF3D9D0B8AF}.Release|Any CPU.Build.0 = Release|Any CPU
		{06E15418-31AB-4912-BEEE-794FF7552666}.Debug|Any CPU.ActiveCfg = Debug|Any CPU
		{06E15418-31AB-4912-BEEE-794FF7552666}.Debug|Any CPU.Build.0 = Debug|Any CPU
		{06E15418-31AB-4912-BEEE-794FF7552666}.Release|Any CPU.ActiveCfg = Release|Any CPU
		{06E15418-31AB-4912-BEEE-794FF7552666}.Release|Any CPU.Build.0 = Release|Any CPU
		{751EA3E4-BDE8-4D90-A9A5-0EE549069638}.Debug|Any CPU.ActiveCfg = Debug|Any CPU
		{751EA3E4-BDE8-4D90-A9A5-0EE549069638}.Debug|Any CPU.Build.0 = Debug|Any CPU
		{751EA3E4-BDE8-4D90-A9A5-0EE549069638}.Release|Any CPU.ActiveCfg = Release|Any CPU
		{751EA3E4-BDE8-4D90-A9A5-0EE549069638}.Release|Any CPU.Build.0 = Release|Any CPU
		{1A119142-A08A-48BF-8FD2-09EECFD06E89}.Debug|Any CPU.ActiveCfg = Debug|Any CPU
		{1A119142-A08A-48BF-8FD2-09EECFD06E89}.Debug|Any CPU.Build.0 = Debug|Any CPU
		{1A119142-A08A-48BF-8FD2-09EECFD06E89}.Release|Any CPU.ActiveCfg = Release|Any CPU
		{1A119142-A08A-48BF-8FD2-09EECFD06E89}.Release|Any CPU.Build.0 = Release|Any CPU
		{1F3EAE2B-840A-4B7D-A618-3BDB8F1EAC49}.Debug|Any CPU.ActiveCfg = Debug|Any CPU
		{1F3EAE2B-840A-4B7D-A618-3BDB8F1EAC49}.Debug|Any CPU.Build.0 = Debug|Any CPU
		{1F3EAE2B-840A-4B7D-A618-3BDB8F1EAC49}.Release|Any CPU.ActiveCfg = Release|Any CPU
		{1F3EAE2B-840A-4B7D-A618-3BDB8F1EAC49}.Release|Any CPU.Build.0 = Release|Any CPU
		{EF8A7C5B-262E-4D4F-A143-1D418E849468}.Debug|Any CPU.ActiveCfg = Debug|Any CPU
		{EF8A7C5B-262E-4D4F-A143-1D418E849468}.Debug|Any CPU.Build.0 = Debug|Any CPU
		{EF8A7C5B-262E-4D4F-A143-1D418E849468}.Release|Any CPU.ActiveCfg = Release|Any CPU
		{EF8A7C5B-262E-4D4F-A143-1D418E849468}.Release|Any CPU.Build.0 = Release|Any CPU
		{8CC92C62-E415-452C-8A07-05E2DD4F7681}.Debug|Any CPU.ActiveCfg = Debug|Any CPU
		{8CC92C62-E415-452C-8A07-05E2DD4F7681}.Debug|Any CPU.Build.0 = Debug|Any CPU
		{8CC92C62-E415-452C-8A07-05E2DD4F7681}.Release|Any CPU.ActiveCfg = Release|Any CPU
		{8CC92C62-E415-452C-8A07-05E2DD4F7681}.Release|Any CPU.Build.0 = Release|Any CPU
		{35326DB3-6B7A-4DAA-8354-18E41B75B382}.Debug|Any CPU.ActiveCfg = Debug|Any CPU
		{35326DB3-6B7A-4DAA-8354-18E41B75B382}.Debug|Any CPU.Build.0 = Debug|Any CPU
		{35326DB3-6B7A-4DAA-8354-18E41B75B382}.Release|Any CPU.ActiveCfg = Release|Any CPU
		{35326DB3-6B7A-4DAA-8354-18E41B75B382}.Release|Any CPU.Build.0 = Release|Any CPU
		{48568BDE-EB92-44E3-AECC-C0FF12F5012C}.Debug|Any CPU.ActiveCfg = Debug|Any CPU
		{48568BDE-EB92-44E3-AECC-C0FF12F5012C}.Debug|Any CPU.Build.0 = Debug|Any CPU
		{48568BDE-EB92-44E3-AECC-C0FF12F5012C}.Release|Any CPU.ActiveCfg = Release|Any CPU
		{48568BDE-EB92-44E3-AECC-C0FF12F5012C}.Release|Any CPU.Build.0 = Release|Any CPU
		{B2CFD74E-EF6A-4A21-AF3C-AA186F23A70B}.Debug|Any CPU.ActiveCfg = Debug|Any CPU
		{B2CFD74E-EF6A-4A21-AF3C-AA186F23A70B}.Debug|Any CPU.Build.0 = Debug|Any CPU
		{B2CFD74E-EF6A-4A21-AF3C-AA186F23A70B}.Release|Any CPU.ActiveCfg = Release|Any CPU
		{B2CFD74E-EF6A-4A21-AF3C-AA186F23A70B}.Release|Any CPU.Build.0 = Release|Any CPU
	EndGlobalSection
	GlobalSection(SolutionProperties) = preSolution
		HideSolutionNode = FALSE
	EndGlobalSection
	GlobalSection(ExtensibilityGlobals) = postSolution
		SolutionGuid = {AF4ADC80-111C-42B8-95C2-5D4E9F491D93}
	EndGlobalSection
	GlobalSection(NestedProjects) = preSolution
		{EF8A7C5B-262E-4D4F-A143-1D418E849468} = {021C9194-6798-4452-A22A-495E239FF046}
		{751EA3E4-BDE8-4D90-A9A5-0EE549069638} = {021C9194-6798-4452-A22A-495E239FF046}
		{06E15418-31AB-4912-BEEE-794FF7552666} = {021C9194-6798-4452-A22A-495E239FF046}
		{1A119142-A08A-48BF-8FD2-09EECFD06E89} = {021C9194-6798-4452-A22A-495E239FF046}
		{1F3EAE2B-840A-4B7D-A618-3BDB8F1EAC49} = {021C9194-6798-4452-A22A-495E239FF046}
		{ACB73BE9-EE5E-4B43-8913-ECF3D9D0B8AF} = {021C9194-6798-4452-A22A-495E239FF046}
		{25847BFF-2CF6-407E-916B-BD9DEA78EB42} = {D8C0F1ED-DF99-411E-ADC2-E546709AF00E}
		{FA47247D-7D39-48A4-B841-B40EA6A2F5F9} = {D8C0F1ED-DF99-411E-ADC2-E546709AF00E}
		{D5FD57EA-E785-47C4-8282-9AED8D070D52} = {D8C0F1ED-DF99-411E-ADC2-E546709AF00E}
		{23171534-D2D2-46FF-ACD7-255C4400F9C0} = {DBF68FA3-7CAD-4472-BDBB-D584043836B6}
		{32826C08-E3A7-47D6-9203-0527B4AF2D6C} = {DBF68FA3-7CAD-4472-BDBB-D584043836B6}
		{D547B738-0753-4935-92C7-F5BC94ECF4B1} = {DBF68FA3-7CAD-4472-BDBB-D584043836B6}
		{51BABBFC-4A36-419E-A3D8-35C5F7B6BA08} = {DBF68FA3-7CAD-4472-BDBB-D584043836B6}
		{57516187-C4A6-4C77-A255-49EBCF54EF6A} = {DBF68FA3-7CAD-4472-BDBB-D584043836B6}
		{6F792FB3-BD11-43DA-9C48-1771D847A66A} = {6EB9DDB4-51DC-4E46-A2A2-3B87DA5D533F}
		{D9FC9B99-77BC-450B-BD1C-F43A421261F9} = {6EB9DDB4-51DC-4E46-A2A2-3B87DA5D533F}
	EndGlobalSection
EndGlobal
